// !$*UTF8*$!
{
	archiveVersion = 1;
	classes = {
	};
	objectVersion = 51;
	objects = {

/* Begin PBXBuildFile section */
		39658FA094D2E2268AF02AC0 /* Pods_Movie_App_Final.framework in Frameworks */ = {isa = PBXBuildFile; fileRef = 8986F1F6DAA9AFA881E4E0D1 /* Pods_Movie_App_Final.framework */; };
		BF96254623BE4E820008C4C4 /* AppDelegate.swift in Sources */ = {isa = PBXBuildFile; fileRef = BF96254523BE4E820008C4C4 /* AppDelegate.swift */; };
		BF96254E23BE4E820008C4C4 /* Movie_App_Final.xcdatamodeld in Sources */ = {isa = PBXBuildFile; fileRef = BF96254C23BE4E820008C4C4 /* Movie_App_Final.xcdatamodeld */; };
		BF96255023BE4E860008C4C4 /* Assets.xcassets in Resources */ = {isa = PBXBuildFile; fileRef = BF96254F23BE4E860008C4C4 /* Assets.xcassets */; };
		BF96255323BE4E860008C4C4 /* LaunchScreen.storyboard in Resources */ = {isa = PBXBuildFile; fileRef = BF96255123BE4E860008C4C4 /* LaunchScreen.storyboard */; };
		BF9BCC8B23BF641200664616 /* JsonModel.swift in Sources */ = {isa = PBXBuildFile; fileRef = BF9BCC8A23BF641200664616 /* JsonModel.swift */; };
		BF9BCC8F23BF856000664616 /* MovieCell.swift in Sources */ = {isa = PBXBuildFile; fileRef = BF9BCC8E23BF856000664616 /* MovieCell.swift */; };
		BF9BCC9123BF871300664616 /* Home.swift in Sources */ = {isa = PBXBuildFile; fileRef = BF9BCC9023BF871300664616 /* Home.swift */; };
		BF9BCC9323BF8D2B00664616 /* Reachability.swift in Sources */ = {isa = PBXBuildFile; fileRef = BF9BCC9223BF8D2B00664616 /* Reachability.swift */; };
		BFA1BFA723BE659A00AB8DF5 /* SplashScreen.swift in Sources */ = {isa = PBXBuildFile; fileRef = BFA1BFA623BE659A00AB8DF5 /* SplashScreen.swift */; };
		BFE0EB0E23C0973D006EB3E5 /* p.png in Resources */ = {isa = PBXBuildFile; fileRef = BFE0EB0D23C0973D006EB3E5 /* p.png */; };
		BFE0EB1223C0E3EE006EB3E5 /* MovieDetail.swift in Sources */ = {isa = PBXBuildFile; fileRef = BFE0EB1123C0E3EE006EB3E5 /* MovieDetail.swift */; };
		BFFA2F3323C230E7003D93DD /* Main.storyboard in Resources */ = {isa = PBXBuildFile; fileRef = BFFA2F3123C230E6003D93DD /* Main.storyboard */; };
/* End PBXBuildFile section */

/* Begin PBXFileReference section */
		68210CBCF7FC244A310616A4 /* Pods-Movie App Final.release.xcconfig */ = {isa = PBXFileReference; includeInIndex = 1; lastKnownFileType = text.xcconfig; name = "Pods-Movie App Final.release.xcconfig"; path = "Target Support Files/Pods-Movie App Final/Pods-Movie App Final.release.xcconfig"; sourceTree = "<group>"; };
		8524D1219C3452E192F46E6C /* Pods-Movie App Final.debug.xcconfig */ = {isa = PBXFileReference; includeInIndex = 1; lastKnownFileType = text.xcconfig; name = "Pods-Movie App Final.debug.xcconfig"; path = "Target Support Files/Pods-Movie App Final/Pods-Movie App Final.debug.xcconfig"; sourceTree = "<group>"; };
		8986F1F6DAA9AFA881E4E0D1 /* Pods_Movie_App_Final.framework */ = {isa = PBXFileReference; explicitFileType = wrapper.framework; includeInIndex = 0; path = Pods_Movie_App_Final.framework; sourceTree = BUILT_PRODUCTS_DIR; };
		BF96254223BE4E820008C4C4 /* Movie App Final.app */ = {isa = PBXFileReference; explicitFileType = wrapper.application; includeInIndex = 0; path = "Movie App Final.app"; sourceTree = BUILT_PRODUCTS_DIR; };
		BF96254523BE4E820008C4C4 /* AppDelegate.swift */ = {isa = PBXFileReference; lastKnownFileType = sourcecode.swift; path = AppDelegate.swift; sourceTree = "<group>"; };
		BF96254D23BE4E820008C4C4 /* Movie_App_Final.xcdatamodel */ = {isa = PBXFileReference; lastKnownFileType = wrapper.xcdatamodel; path = Movie_App_Final.xcdatamodel; sourceTree = "<group>"; };
		BF96254F23BE4E860008C4C4 /* Assets.xcassets */ = {isa = PBXFileReference; lastKnownFileType = folder.assetcatalog; path = Assets.xcassets; sourceTree = "<group>"; };
		BF96255223BE4E860008C4C4 /* Base */ = {isa = PBXFileReference; lastKnownFileType = file.storyboard; name = Base; path = Base.lproj/LaunchScreen.storyboard; sourceTree = "<group>"; };
		BF96255423BE4E860008C4C4 /* Info.plist */ = {isa = PBXFileReference; lastKnownFileType = text.plist.xml; path = Info.plist; sourceTree = "<group>"; };
		BF9BCC8A23BF641200664616 /* JsonModel.swift */ = {isa = PBXFileReference; lastKnownFileType = sourcecode.swift; path = JsonModel.swift; sourceTree = "<group>"; };
		BF9BCC8E23BF856000664616 /* MovieCell.swift */ = {isa = PBXFileReference; lastKnownFileType = sourcecode.swift; path = MovieCell.swift; sourceTree = "<group>"; };
		BF9BCC9023BF871300664616 /* Home.swift */ = {isa = PBXFileReference; lastKnownFileType = sourcecode.swift; path = Home.swift; sourceTree = "<group>"; };
		BF9BCC9223BF8D2B00664616 /* Reachability.swift */ = {isa = PBXFileReference; lastKnownFileType = sourcecode.swift; path = Reachability.swift; sourceTree = "<group>"; };
		BFA1BFA623BE659A00AB8DF5 /* SplashScreen.swift */ = {isa = PBXFileReference; lastKnownFileType = sourcecode.swift; path = SplashScreen.swift; sourceTree = "<group>"; };
		BFE0EB0D23C0973D006EB3E5 /* p.png */ = {isa = PBXFileReference; lastKnownFileType = image.png; path = p.png; sourceTree = "<group>"; };
		BFE0EB1123C0E3EE006EB3E5 /* MovieDetail.swift */ = {isa = PBXFileReference; lastKnownFileType = sourcecode.swift; path = MovieDetail.swift; sourceTree = "<group>"; };
		BFFA2F3223C230E6003D93DD /* Base */ = {isa = PBXFileReference; lastKnownFileType = file.storyboard; name = Base; path = Base.lproj/Main.storyboard; sourceTree = "<group>"; };
/* End PBXFileReference section */

/* Begin PBXFrameworksBuildPhase section */
		BF96253F23BE4E810008C4C4 /* Frameworks */ = {
			isa = PBXFrameworksBuildPhase;
			buildActionMask = 2147483647;
			files = (
				39658FA094D2E2268AF02AC0 /* Pods_Movie_App_Final.framework in Frameworks */,
			);
			runOnlyForDeploymentPostprocessing = 0;
		};
/* End PBXFrameworksBuildPhase section */

/* Begin PBXGroup section */
		23F7BB7202DE2DC1D184D5B1 /* Pods */ = {
			isa = PBXGroup;
			children = (
				8524D1219C3452E192F46E6C /* Pods-Movie App Final.debug.xcconfig */,
				68210CBCF7FC244A310616A4 /* Pods-Movie App Final.release.xcconfig */,
			);
			path = Pods;
			sourceTree = "<group>";
		};
		BF96253923BE4E810008C4C4 = {
			isa = PBXGroup;
			children = (
				BF96254423BE4E820008C4C4 /* Movie App Final */,
				BF96254323BE4E820008C4C4 /* Products */,
				23F7BB7202DE2DC1D184D5B1 /* Pods */,
				D5D96D2A84C5FA179292A8BE /* Frameworks */,
			);
			sourceTree = "<group>";
		};
		BF96254323BE4E820008C4C4 /* Products */ = {
			isa = PBXGroup;
			children = (
				BF96254223BE4E820008C4C4 /* Movie App Final.app */,
			);
			name = Products;
			sourceTree = "<group>";
		};
		BF96254423BE4E820008C4C4 /* Movie App Final */ = {
			isa = PBXGroup;
			children = (
				BFE0EB0D23C0973D006EB3E5 /* p.png */,
				BF96254523BE4E820008C4C4 /* AppDelegate.swift */,
				BF96254F23BE4E860008C4C4 /* Assets.xcassets */,
				BF96255123BE4E860008C4C4 /* LaunchScreen.storyboard */,
				BFFA2F3123C230E6003D93DD /* Main.storyboard */,
				BF96255423BE4E860008C4C4 /* Info.plist */,
				BF96254C23BE4E820008C4C4 /* Movie_App_Final.xcdatamodeld */,
				BFA1BFA623BE659A00AB8DF5 /* SplashScreen.swift */,
				BF9BCC8A23BF641200664616 /* JsonModel.swift */,
				BF9BCC8E23BF856000664616 /* MovieCell.swift */,
				BF9BCC9023BF871300664616 /* Home.swift */,
				BF9BCC9223BF8D2B00664616 /* Reachability.swift */,
				BFE0EB1123C0E3EE006EB3E5 /* MovieDetail.swift */,
			);
			path = "Movie App Final";
			sourceTree = "<group>";
		};
		D5D96D2A84C5FA179292A8BE /* Frameworks */ = {
			isa = PBXGroup;
			children = (
				8986F1F6DAA9AFA881E4E0D1 /* Pods_Movie_App_Final.framework */,
			);
			name = Frameworks;
			sourceTree = "<group>";
		};
/* End PBXGroup section */

/* Begin PBXNativeTarget section */
		BF96254123BE4E810008C4C4 /* Movie App Final */ = {
			isa = PBXNativeTarget;
			buildConfigurationList = BF96255723BE4E870008C4C4 /* Build configuration list for PBXNativeTarget "Movie App Final" */;
			buildPhases = (
				E7D753742FD389654048BED0 /* [CP] Check Pods Manifest.lock */,
				BF96253E23BE4E810008C4C4 /* Sources */,
				BF96253F23BE4E810008C4C4 /* Frameworks */,
				BF96254023BE4E810008C4C4 /* Resources */,
				B72013E62F9D1B81982C7195 /* [CP] Embed Pods Frameworks */,
			);
			buildRules = (
			);
			dependencies = (
			);
			name = "Movie App Final";
			productName = "Movie App Final";
			productReference = BF96254223BE4E820008C4C4 /* Movie App Final.app */;
			productType = "com.apple.product-type.application";
		};
/* End PBXNativeTarget section */

/* Begin PBXProject section */
		BF96253A23BE4E810008C4C4 /* Project object */ = {
			isa = PBXProject;
			attributes = {
				LastSwiftUpdateCheck = 1000;
				LastUpgradeCheck = 1000;
				ORGANIZATIONNAME = "Mostafa Samir";
				TargetAttributes = {
					BF96254123BE4E810008C4C4 = {
						CreatedOnToolsVersion = 10.0;
					};
				};
			};
			buildConfigurationList = BF96253D23BE4E810008C4C4 /* Build configuration list for PBXProject "Movie App Final" */;
			compatibilityVersion = "Xcode 9.3";
			developmentRegion = en;
			hasScannedForEncodings = 0;
			knownRegions = (
				en,
				Base,
			);
			mainGroup = BF96253923BE4E810008C4C4;
			productRefGroup = BF96254323BE4E820008C4C4 /* Products */;
			projectDirPath = "";
			projectRoot = "";
			targets = (
				BF96254123BE4E810008C4C4 /* Movie App Final */,
			);
		};
/* End PBXProject section */

/* Begin PBXResourcesBuildPhase section */
		BF96254023BE4E810008C4C4 /* Resources */ = {
			isa = PBXResourcesBuildPhase;
			buildActionMask = 2147483647;
			files = (
				BFE0EB0E23C0973D006EB3E5 /* p.png in Resources */,
				BF96255323BE4E860008C4C4 /* LaunchScreen.storyboard in Resources */,
				BF96255023BE4E860008C4C4 /* Assets.xcassets in Resources */,
				BFFA2F3323C230E7003D93DD /* Main.storyboard in Resources */,
			);
			runOnlyForDeploymentPostprocessing = 0;
		};
/* End PBXResourcesBuildPhase section */

/* Begin PBXShellScriptBuildPhase section */
		B72013E62F9D1B81982C7195 /* [CP] Embed Pods Frameworks */ = {
			isa = PBXShellScriptBuildPhase;
			buildActionMask = 2147483647;
			files = (
			);
			inputFileListPaths = (
				"${PODS_ROOT}/Target Support Files/Pods-Movie App Final/Pods-Movie App Final-frameworks-${CONFIGURATION}-input-files.xcfilelist",
			);
			name = "[CP] Embed Pods Frameworks";
			outputFileListPaths = (
				"${PODS_ROOT}/Target Support Files/Pods-Movie App Final/Pods-Movie App Final-frameworks-${CONFIGURATION}-output-files.xcfilelist",
			);
			runOnlyForDeploymentPostprocessing = 0;
			shellPath = /bin/sh;
			shellScript = "\"${PODS_ROOT}/Target Support Files/Pods-Movie App Final/Pods-Movie App Final-frameworks.sh\"\n";
			showEnvVarsInLog = 0;
		};
		E7D753742FD389654048BED0 /* [CP] Check Pods Manifest.lock */ = {
			isa = PBXShellScriptBuildPhase;
			buildActionMask = 2147483647;
			files = (
			);
			inputFileListPaths = (
			);
			inputPaths = (
				"${PODS_PODFILE_DIR_PATH}/Podfile.lock",
				"${PODS_ROOT}/Manifest.lock",
			);
			name = "[CP] Check Pods Manifest.lock";
			outputFileListPaths = (
			);
			outputPaths = (
				"$(DERIVED_FILE_DIR)/Pods-Movie App Final-checkManifestLockResult.txt",
			);
			runOnlyForDeploymentPostprocessing = 0;
			shellPath = /bin/sh;
			shellScript = "diff \"${PODS_PODFILE_DIR_PATH}/Podfile.lock\" \"${PODS_ROOT}/Manifest.lock\" > /dev/null\nif [ $? != 0 ] ; then\n    # print error to STDERR\n    echo \"error: The sandbox is not in sync with the Podfile.lock. Run 'pod install' or update your CocoaPods installation.\" >&2\n    exit 1\nfi\n# This output is used by Xcode 'outputs' to avoid re-running this script phase.\necho \"SUCCESS\" > \"${SCRIPT_OUTPUT_FILE_0}\"\n";
			showEnvVarsInLog = 0;
		};
/* End PBXShellScriptBuildPhase section */

/* Begin PBXSourcesBuildPhase section */
		BF96253E23BE4E810008C4C4 /* Sources */ = {
			isa = PBXSourcesBuildPhase;
			buildActionMask = 2147483647;
			files = (
				BF9BCC9323BF8D2B00664616 /* Reachability.swift in Sources */,
				BFA1BFA723BE659A00AB8DF5 /* SplashScreen.swift in Sources */,
				BF9BCC8B23BF641200664616 /* JsonModel.swift in Sources */,
				BF96254E23BE4E820008C4C4 /* Movie_App_Final.xcdatamodeld in Sources */,
				BF9BCC8F23BF856000664616 /* MovieCell.swift in Sources */,
				BF9BCC9123BF871300664616 /* Home.swift in Sources */,
				BF96254623BE4E820008C4C4 /* AppDelegate.swift in Sources */,
				BFE0EB1223C0E3EE006EB3E5 /* MovieDetail.swift in Sources */,
			);
			runOnlyForDeploymentPostprocessing = 0;
		};
/* End PBXSourcesBuildPhase section */

/* Begin PBXVariantGroup section */
		BF96255123BE4E860008C4C4 /* LaunchScreen.storyboard */ = {
			isa = PBXVariantGroup;
			children = (
				BF96255223BE4E860008C4C4 /* Base */,
			);
			name = LaunchScreen.storyboard;
			sourceTree = "<group>";
		};
		BFFA2F3123C230E6003D93DD /* Main.storyboard */ = {
			isa = PBXVariantGroup;
			children = (
				BFFA2F3223C230E6003D93DD /* Base */,
			);
			name = Main.storyboard;
			sourceTree = "<group>";
		};
/* End PBXVariantGroup section */

/* Begin XCBuildConfiguration section */
		BF96255523BE4E860008C4C4 /* Debug */ = {
			isa = XCBuildConfiguration;
			buildSettings = {
				ALWAYS_SEARCH_USER_PATHS = NO;
				CLANG_ANALYZER_NONNULL = YES;
				CLANG_ANALYZER_NUMBER_OBJECT_CONVERSION = YES_AGGRESSIVE;
				CLANG_CXX_LANGUAGE_STANDARD = "gnu++14";
				CLANG_CXX_LIBRARY = "libc++";
				CLANG_ENABLE_MODULES = YES;
				CLANG_ENABLE_OBJC_ARC = YES;
				CLANG_ENABLE_OBJC_WEAK = YES;
				CLANG_WARN_BLOCK_CAPTURE_AUTORELEASING = YES;
				CLANG_WARN_BOOL_CONVERSION = YES;
				CLANG_WARN_COMMA = YES;
				CLANG_WARN_CONSTANT_CONVERSION = YES;
				CLANG_WARN_DEPRECATED_OBJC_IMPLEMENTATIONS = YES;
				CLANG_WARN_DIRECT_OBJC_ISA_USAGE = YES_ERROR;
				CLANG_WARN_DOCUMENTATION_COMMENTS = YES;
				CLANG_WARN_EMPTY_BODY = YES;
				CLANG_WARN_ENUM_CONVERSION = YES;
				CLANG_WARN_INFINITE_RECURSION = YES;
				CLANG_WARN_INT_CONVERSION = YES;
				CLANG_WARN_NON_LITERAL_NULL_CONVERSION = YES;
				CLANG_WARN_OBJC_IMPLICIT_RETAIN_SELF = YES;
				CLANG_WARN_OBJC_LITERAL_CONVERSION = YES;
				CLANG_WARN_OBJC_ROOT_CLASS = YES_ERROR;
				CLANG_WARN_RANGE_LOOP_ANALYSIS = YES;
				CLANG_WARN_STRICT_PROTOTYPES = YES;
				CLANG_WARN_SUSPICIOUS_MOVE = YES;
				CLANG_WARN_UNGUARDED_AVAILABILITY = YES_AGGRESSIVE;
				CLANG_WARN_UNREACHABLE_CODE = YES;
				CLANG_WARN__DUPLICATE_METHOD_MATCH = YES;
				CODE_SIGN_IDENTITY = "iPhone Developer";
				COPY_PHASE_STRIP = NO;
				DEBUG_INFORMATION_FORMAT = dwarf;
				ENABLE_STRICT_OBJC_MSGSEND = YES;
				ENABLE_TESTABILITY = YES;
				GCC_C_LANGUAGE_STANDARD = gnu11;
				GCC_DYNAMIC_NO_PIC = NO;
				GCC_NO_COMMON_BLOCKS = YES;
				GCC_OPTIMIZATION_LEVEL = 0;
				GCC_PREPROCESSOR_DEFINITIONS = (
					"DEBUG=1",
					"$(inherited)",
				);
				GCC_WARN_64_TO_32_BIT_CONVERSION = YES;
				GCC_WARN_ABOUT_RETURN_TYPE = YES_ERROR;
				GCC_WARN_UNDECLARED_SELECTOR = YES;
				GCC_WARN_UNINITIALIZED_AUTOS = YES_AGGRESSIVE;
				GCC_WARN_UNUSED_FUNCTION = YES;
				GCC_WARN_UNUSED_VARIABLE = YES;
				IPHONEOS_DEPLOYMENT_TARGET = 12.0;
				MTL_ENABLE_DEBUG_INFO = INCLUDE_SOURCE;
				MTL_FAST_MATH = YES;
				ONLY_ACTIVE_ARCH = YES;
				SDKROOT = iphoneos;
				SWIFT_ACTIVE_COMPILATION_CONDITIONS = DEBUG;
				SWIFT_OPTIMIZATION_LEVEL = "-Onone";
			};
			name = Debug;
		};
		BF96255623BE4E860008C4C4 /* Release */ = {
			isa = XCBuildConfiguration;
			buildSettings = {
				ALWAYS_SEARCH_USER_PATHS = NO;
				CLANG_ANALYZER_NONNULL = YES;
				CLANG_ANALYZER_NUMBER_OBJECT_CONVERSION = YES_AGGRESSIVE;
				CLANG_CXX_LANGUAGE_STANDARD = "gnu++14";
				CLANG_CXX_LIBRARY = "libc++";
				CLANG_ENABLE_MODULES = YES;
				CLANG_ENABLE_OBJC_ARC = YES;
				CLANG_ENABLE_OBJC_WEAK = YES;
				CLANG_WARN_BLOCK_CAPTURE_AUTORELEASING = YES;
				CLANG_WARN_BOOL_CONVERSION = YES;
				CLANG_WARN_COMMA = YES;
				CLANG_WARN_CONSTANT_CONVERSION = YES;
				CLANG_WARN_DEPRECATED_OBJC_IMPLEMENTATIONS = YES;
				CLANG_WARN_DIRECT_OBJC_ISA_USAGE = YES_ERROR;
				CLANG_WARN_DOCUMENTATION_COMMENTS = YES;
				CLANG_WARN_EMPTY_BODY = YES;
				CLANG_WARN_ENUM_CONVERSION = YES;
				CLANG_WARN_INFINITE_RECURSION = YES;
				CLANG_WARN_INT_CONVERSION = YES;
				CLANG_WARN_NON_LITERAL_NULL_CONVERSION = YES;
				CLANG_WARN_OBJC_IMPLICIT_RETAIN_SELF = YES;
				CLANG_WARN_OBJC_LITERAL_CONVERSION = YES;
				CLANG_WARN_OBJC_ROOT_CLASS = YES_ERROR;
				CLANG_WARN_RANGE_LOOP_ANALYSIS = YES;
				CLANG_WARN_STRICT_PROTOTYPES = YES;
				CLANG_WARN_SUSPICIOUS_MOVE = YES;
				CLANG_WARN_UNGUARDED_AVAILABILITY = YES_AGGRESSIVE;
				CLANG_WARN_UNREACHABLE_CODE = YES;
				CLANG_WARN__DUPLICATE_METHOD_MATCH = YES;
				CODE_SIGN_IDENTITY = "iPhone Developer";
				COPY_PHASE_STRIP = NO;
				DEBUG_INFORMATION_FORMAT = "dwarf-with-dsym";
				ENABLE_NS_ASSERTIONS = NO;
				ENABLE_STRICT_OBJC_MSGSEND = YES;
				GCC_C_LANGUAGE_STANDARD = gnu11;
				GCC_NO_COMMON_BLOCKS = YES;
				GCC_WARN_64_TO_32_BIT_CONVERSION = YES;
				GCC_WARN_ABOUT_RETURN_TYPE = YES_ERROR;
				GCC_WARN_UNDECLARED_SELECTOR = YES;
				GCC_WARN_UNINITIALIZED_AUTOS = YES_AGGRESSIVE;
				GCC_WARN_UNUSED_FUNCTION = YES;
				GCC_WARN_UNUSED_VARIABLE = YES;
				IPHONEOS_DEPLOYMENT_TARGET = 12.0;
				MTL_ENABLE_DEBUG_INFO = NO;
				MTL_FAST_MATH = YES;
				SDKROOT = iphoneos;
				SWIFT_COMPILATION_MODE = wholemodule;
				SWIFT_OPTIMIZATION_LEVEL = "-O";
				VALIDATE_PRODUCT = YES;
			};
			name = Release;
		};
		BF96255823BE4E870008C4C4 /* Debug */ = {
			isa = XCBuildConfiguration;
			baseConfigurationReference = 8524D1219C3452E192F46E6C /* Pods-Movie App Final.debug.xcconfig */;
			buildSettings = {
				ASSETCATALOG_COMPILER_APPICON_NAME = AppIcon;
				CODE_SIGN_STYLE = Automatic;
				INFOPLIST_FILE = "Movie App Final/Info.plist";
				LD_RUNPATH_SEARCH_PATHS = (
					"$(inherited)",
					"@executable_path/Frameworks",
				);
				PRODUCT_BUNDLE_IDENTIFIER = "iti.Movie-App-Final";
				PRODUCT_NAME = "$(TARGET_NAME)";
				SWIFT_VERSION = 4.2;
				TARGETED_DEVICE_FAMILY = "1,2";
			};
			name = Debug;
		};
		BF96255923BE4E870008C4C4 /* Release */ = {
			isa = XCBuildConfiguration;
			baseConfigurationReference = 68210CBCF7FC244A310616A4 /* Pods-Movie App Final.release.xcconfig */;
			buildSettings = {
				ASSETCATALOG_COMPILER_APPICON_NAME = AppIcon;
				CODE_SIGN_STYLE = Automatic;
				INFOPLIST_FILE = "Movie App Final/Info.plist";
				LD_RUNPATH_SEARCH_PATHS = (
					"$(inherited)",
					"@executable_path/Frameworks",
				);
				PRODUCT_BUNDLE_IDENTIFIER = "iti.Movie-App-Final";
				PRODUCT_NAME = "$(TARGET_NAME)";
				SWIFT_VERSION = 4.2;
				TARGETED_DEVICE_FAMILY = "1,2";
			};
			name = Release;
		};
/* End XCBuildConfiguration section */

/* Begin XCConfigurationList section */
		BF96253D23BE4E810008C4C4 /* Build configuration list for PBXProject "Movie App Final" */ = {
			isa = XCConfigurationList;
			buildConfigurations = (
				BF96255523BE4E860008C4C4 /* Debug */,
				BF96255623BE4E860008C4C4 /* Release */,
			);
			defaultConfigurationIsVisible = 0;
			defaultConfigurationName = Release;
		};
		BF96255723BE4E870008C4C4 /* Build configuration list for PBXNativeTarget "Movie App Final" */ = {
			isa = XCConfigurationList;
			buildConfigurations = (
				BF96255823BE4E870008C4C4 /* Debug */,
				BF96255923BE4E870008C4C4 /* Release */,
			);
			defaultConfigurationIsVisible = 0;
			defaultConfigurationName = Release;
		};
/* End XCConfigurationList section */

/* Begin XCVersionGroup section */
		BF96254C23BE4E820008C4C4 /* Movie_App_Final.xcdatamodeld */ = {
			isa = XCVersionGroup;
			children = (
				BF96254D23BE4E820008C4C4 /* Movie_App_Final.xcdatamodel */,
			);
			currentVersion = BF96254D23BE4E820008C4C4 /* Movie_App_Final.xcdatamodel */;
			path = Movie_App_Final.xcdatamodeld;
			sourceTree = "<group>";
			versionGroupType = wrapper.xcdatamodel;
		};
/* End XCVersionGroup section */
	};
	rootObject = BF96253A23BE4E810008C4C4 /* Project object */;
}
